<?xml version="1.0" encoding="UTF-8" standalone="yes" ?>
<CodeBlocks_project_file>
	<FileVersion major="1" minor="6" />
	<Project>
		<Option title="khednes" />
		<Option pch_mode="2" />
		<Option compiler="gcc" />
		<Build>
			<Target title="Debug">
				<Option output="bin/Debug/khednes" prefix_auto="1" extension_auto="1" />
				<Option object_output="obj/Debug/" />
				<Option type="1" />
				<Option compiler="gcc" />
				<Compiler>
					<Add option="-g" />
				</Compiler>
			</Target>
			<Target title="Release">
				<Option output="bin/Release/khednes" prefix_auto="1" extension_auto="1" />
				<Option object_output="obj/Release/" />
				<Option type="0" />
				<Option compiler="gcc" />
				<Compiler>
					<Add option="-O2" />
				</Compiler>
				<Linker>
					<Add option="-s" />
				</Linker>
			</Target>
		</Build>
		<Compiler>
			<Add option="`sdl2-config --cflags`" />
			<Add option="-Wall" />
		</Compiler>
		<Linker>
			<Add option="`sdl2-config --libs`" />
		</Linker>
		<Unit filename="apu.cpp" />
		<Unit filename="apu.h" />
		<Unit filename="compositor.cpp" />
		<Unit filename="compositor.h" />
		<Unit filename="cpu.cpp" />
		<Unit filename="cpu.h" />
		<Unit filename="main.cpp" />
		<Unit filename="mapper.cpp" />
		<Unit filename="mapper.h" />
		<Unit filename="mapper_001_mmc1.cpp" />
		<Unit filename="mapper_001_mmc1.h" />
		<Unit filename="mapper_002_unrom.cpp" />
		<Unit filename="mapper_002_unrom.h" />
		<Unit filename="mapper_003_cnrom.cpp" />
		<Unit filename="mapper_003_cnrom.h" />
		<Unit filename="mapper_011_color_dreams.cpp" />
		<Unit filename="mapper_011_color_dreams.h" />
		<Unit filename="mapper_nsf.cpp" />
		<Unit filename="mapper_nsf.h" />
		<Unit filename="mem.cpp" />
		<Unit filename="mem.h" />
		<Unit filename="nes_constants.h" />
		<Unit filename="ppu.cpp" />
		<Unit filename="ppu.h" />
		<Unit filename="rom.cpp" />
		<Unit filename="rom.h" />
		<Unit filename="util.cpp" />
		<Unit filename="util.h" />
		<Extensions>
			<envvars />
			<code_completion />
			<debugger />
		</Extensions>
	</Project>
</CodeBlocks_project_file>
